
Microsoft Visual Studio Solution File, Format Version 12.00
# Visual Studio 14
VisualStudioVersion = 14.0.25420.1
MinimumVisualStudioVersion = 10.0.40219.1
Project("{2150E333-8FDC-42A3-9474-1A3956D46DE8}") = "src", "src", "{D3C310D7-20B7-4128-89D8-512CF1F7F1F7}"
EndProject
Project("{2150E333-8FDC-42A3-9474-1A3956D46DE8}") = "Solution Items", "Solution Items", "{C80490A4-ABE9-4227-9D23-D200DEDF6C16}"
	ProjectSection(SolutionItems) = preProject
		global.json = global.json
	EndProjectSection
EndProject
Project("{8BB2217D-0F2D-49D1-97BC-3654ED321F3B}") = "HelloWorldApp", "src\HelloWorldApp\HelloWorldApp.xproj", "{19098CD0-D16B-4666-A413-7D896C9074A1}"
EndProject
Global
	GlobalSection(SolutionConfigurationPlatforms) = preSolution
		Debug|Any CPU = Debug|Any CPU
		Release|Any CPU = Release|Any CPU
	EndGlobalSection
	GlobalSection(ProjectConfigurationPlatforms) = postSolution
		{19098CD0-D16B-4666-A413-7D896C9074A1}.Debug|Any CPU.ActiveCfg = Debug|Any CPU
		{19098CD0-D16B-4666-A413-7D896C9074A1}.Debug|Any CPU.Build.0 = Debug|Any CPU
		{19098CD0-D16B-4666-A413-7D896C9074A1}.Release|Any CPU.ActiveCfg = Release|Any CPU
		{19098CD0-D16B-4666-A413-7D896C9074A1}.Release|Any CPU.Build.0 = Release|Any CPU
	EndGlobalSection
	GlobalSection(SolutionProperties) = preSolution
		HideSolutionNode = FALSE
	EndGlobalSection
	GlobalSection(NestedProjects) = preSolution
		{19098CD0-D16B-4666-A413-7D896C9074A1} = {D3C310D7-20B7-4128-89D8-512CF1F7F1F7}
	EndGlobalSection
EndGlobal
